// !$*UTF8*$!
{
	archiveVersion = 1;
	classes = {
	};
	objectVersion = 50;
	objects = {

/* Begin PBXBuildFile section */
		D485DA1A211C1BEF003C6538 /* AppDelegate.m in Sources */ = {isa = PBXBuildFile; fileRef = D485DA19211C1BEF003C6538 /* AppDelegate.m */; };
		D485DA22211C1BF1003C6538 /* Assets.xcassets in Resources */ = {isa = PBXBuildFile; fileRef = D485DA21211C1BF1003C6538 /* Assets.xcassets */; };
		D485DA28211C1BF1003C6538 /* main.m in Sources */ = {isa = PBXBuildFile; fileRef = D485DA27211C1BF1003C6538 /* main.m */; };
		D485DA40211C34E5003C6538 /* XZBaseObject.m in Sources */ = {isa = PBXBuildFile; fileRef = D485DA3F211C34E5003C6538 /* XZBaseObject.m */; };
		D485DA43211C3528003C6538 /* XZBaseViewController.m in Sources */ = {isa = PBXBuildFile; fileRef = D485DA42211C3528003C6538 /* XZBaseViewController.m */; };
		D485DA46211C3545003C6538 /* XZBaseNavigationController.m in Sources */ = {isa = PBXBuildFile; fileRef = D485DA45211C3545003C6538 /* XZBaseNavigationController.m */; };
		D485DA49211C3589003C6538 /* XZBaseTabBarController.m in Sources */ = {isa = PBXBuildFile; fileRef = D485DA48211C3589003C6538 /* XZBaseTabBarController.m */; };
		D485DA4C211C35B3003C6538 /* XZBaseView.m in Sources */ = {isa = PBXBuildFile; fileRef = D485DA4B211C35B3003C6538 /* XZBaseView.m */; };
		D485DA4F211C35C9003C6538 /* XZBaseTableViewController.m in Sources */ = {isa = PBXBuildFile; fileRef = D485DA4E211C35C9003C6538 /* XZBaseTableViewController.m */; };
		D485DA53211C3676003C6538 /* XZUserManager.m in Sources */ = {isa = PBXBuildFile; fileRef = D485DA52211C3676003C6538 /* XZUserManager.m */; };
		D485DA57211C3A29003C6538 /* UIViewController+XZTopmostViewController.m in Sources */ = {isa = PBXBuildFile; fileRef = D485DA56211C3A29003C6538 /* UIViewController+XZTopmostViewController.m */; };
		D485DA5A211C3A4C003C6538 /* NSObject+XZJSON.m in Sources */ = {isa = PBXBuildFile; fileRef = D485DA59211C3A4C003C6538 /* NSObject+XZJSON.m */; };
		D485DA5E211C3F97003C6538 /* XZBaseNetworkManager.m in Sources */ = {isa = PBXBuildFile; fileRef = D485DA5D211C3F97003C6538 /* XZBaseNetworkManager.m */; };
		D485DA61211C41A2003C6538 /* XZNetworkManager.m in Sources */ = {isa = PBXBuildFile; fileRef = D485DA60211C41A2003C6538 /* XZNetworkManager.m */; };
		E6CF692D10ADFBED05DD8B97 /* Pods_XZTemplateForObjectiveC.framework in Frameworks */ = {isa = PBXBuildFile; fileRef = 16E4CDCCD244B333BE08A31B /* Pods_XZTemplateForObjectiveC.framework */; };
/* End PBXBuildFile section */

/* Begin PBXFileReference section */
		027729571759FB13DA11D987 /* Pods-XZTemplateForObjectiveC.debug.xcconfig */ = {isa = PBXFileReference; includeInIndex = 1; lastKnownFileType = text.xcconfig; name = "Pods-XZTemplateForObjectiveC.debug.xcconfig"; path = "Pods/Target Support Files/Pods-XZTemplateForObjectiveC/Pods-XZTemplateForObjectiveC.debug.xcconfig"; sourceTree = "<group>"; };
		16E4CDCCD244B333BE08A31B /* Pods_XZTemplateForObjectiveC.framework */ = {isa = PBXFileReference; explicitFileType = wrapper.framework; includeInIndex = 0; path = Pods_XZTemplateForObjectiveC.framework; sourceTree = BUILT_PRODUCTS_DIR; };
		9CA8FAFDC2F91592002B7590 /* Pods-XZTemplateForObjectiveC.release.xcconfig */ = {isa = PBXFileReference; includeInIndex = 1; lastKnownFileType = text.xcconfig; name = "Pods-XZTemplateForObjectiveC.release.xcconfig"; path = "Pods/Target Support Files/Pods-XZTemplateForObjectiveC/Pods-XZTemplateForObjectiveC.release.xcconfig"; sourceTree = "<group>"; };
		D485DA15211C1BEF003C6538 /* XZTemplateForObjectiveC.app */ = {isa = PBXFileReference; explicitFileType = wrapper.application; includeInIndex = 0; path = XZTemplateForObjectiveC.app; sourceTree = BUILT_PRODUCTS_DIR; };
		D485DA18211C1BEF003C6538 /* AppDelegate.h */ = {isa = PBXFileReference; lastKnownFileType = sourcecode.c.h; path = AppDelegate.h; sourceTree = "<group>"; };
		D485DA19211C1BEF003C6538 /* AppDelegate.m */ = {isa = PBXFileReference; lastKnownFileType = sourcecode.c.objc; path = AppDelegate.m; sourceTree = "<group>"; };
		D485DA21211C1BF1003C6538 /* Assets.xcassets */ = {isa = PBXFileReference; lastKnownFileType = folder.assetcatalog; path = Assets.xcassets; sourceTree = "<group>"; };
		D485DA26211C1BF1003C6538 /* Info.plist */ = {isa = PBXFileReference; lastKnownFileType = text.plist.xml; path = Info.plist; sourceTree = "<group>"; };
		D485DA27211C1BF1003C6538 /* main.m */ = {isa = PBXFileReference; lastKnownFileType = sourcecode.c.objc; path = main.m; sourceTree = "<group>"; };
		D485DA3E211C34E5003C6538 /* XZBaseObject.h */ = {isa = PBXFileReference; lastKnownFileType = sourcecode.c.h; path = XZBaseObject.h; sourceTree = "<group>"; };
		D485DA3F211C34E5003C6538 /* XZBaseObject.m */ = {isa = PBXFileReference; lastKnownFileType = sourcecode.c.objc; path = XZBaseObject.m; sourceTree = "<group>"; };
		D485DA41211C3528003C6538 /* XZBaseViewController.h */ = {isa = PBXFileReference; lastKnownFileType = sourcecode.c.h; path = XZBaseViewController.h; sourceTree = "<group>"; };
		D485DA42211C3528003C6538 /* XZBaseViewController.m */ = {isa = PBXFileReference; lastKnownFileType = sourcecode.c.objc; path = XZBaseViewController.m; sourceTree = "<group>"; };
		D485DA44211C3545003C6538 /* XZBaseNavigationController.h */ = {isa = PBXFileReference; lastKnownFileType = sourcecode.c.h; path = XZBaseNavigationController.h; sourceTree = "<group>"; };
		D485DA45211C3545003C6538 /* XZBaseNavigationController.m */ = {isa = PBXFileReference; lastKnownFileType = sourcecode.c.objc; path = XZBaseNavigationController.m; sourceTree = "<group>"; };
		D485DA47211C3589003C6538 /* XZBaseTabBarController.h */ = {isa = PBXFileReference; lastKnownFileType = sourcecode.c.h; path = XZBaseTabBarController.h; sourceTree = "<group>"; };
		D485DA48211C3589003C6538 /* XZBaseTabBarController.m */ = {isa = PBXFileReference; lastKnownFileType = sourcecode.c.objc; path = XZBaseTabBarController.m; sourceTree = "<group>"; };
		D485DA4A211C35B3003C6538 /* XZBaseView.h */ = {isa = PBXFileReference; lastKnownFileType = sourcecode.c.h; path = XZBaseView.h; sourceTree = "<group>"; };
		D485DA4B211C35B3003C6538 /* XZBaseView.m */ = {isa = PBXFileReference; lastKnownFileType = sourcecode.c.objc; path = XZBaseView.m; sourceTree = "<group>"; };
		D485DA4D211C35C9003C6538 /* XZBaseTableViewController.h */ = {isa = PBXFileReference; lastKnownFileType = sourcecode.c.h; path = XZBaseTableViewController.h; sourceTree = "<group>"; };
		D485DA4E211C35C9003C6538 /* XZBaseTableViewController.m */ = {isa = PBXFileReference; lastKnownFileType = sourcecode.c.objc; path = XZBaseTableViewController.m; sourceTree = "<group>"; };
		D485DA51211C3676003C6538 /* XZUserManager.h */ = {isa = PBXFileReference; lastKnownFileType = sourcecode.c.h; path = XZUserManager.h; sourceTree = "<group>"; };
		D485DA52211C3676003C6538 /* XZUserManager.m */ = {isa = PBXFileReference; lastKnownFileType = sourcecode.c.objc; path = XZUserManager.m; sourceTree = "<group>"; };
		D485DA54211C3885003C6538 /* XZCommonDefine.h */ = {isa = PBXFileReference; lastKnownFileType = sourcecode.c.h; path = XZCommonDefine.h; sourceTree = "<group>"; };
		D485DA55211C3A29003C6538 /* UIViewController+XZTopmostViewController.h */ = {isa = PBXFileReference; lastKnownFileType = sourcecode.c.h; path = "UIViewController+XZTopmostViewController.h"; sourceTree = "<group>"; };
		D485DA56211C3A29003C6538 /* UIViewController+XZTopmostViewController.m */ = {isa = PBXFileReference; lastKnownFileType = sourcecode.c.objc; path = "UIViewController+XZTopmostViewController.m"; sourceTree = "<group>"; };
		D485DA58211C3A4C003C6538 /* NSObject+XZJSON.h */ = {isa = PBXFileReference; lastKnownFileType = sourcecode.c.h; path = "NSObject+XZJSON.h"; sourceTree = "<group>"; };
		D485DA59211C3A4C003C6538 /* NSObject+XZJSON.m */ = {isa = PBXFileReference; lastKnownFileType = sourcecode.c.objc; path = "NSObject+XZJSON.m"; sourceTree = "<group>"; };
		D485DA5C211C3F97003C6538 /* XZBaseNetworkManager.h */ = {isa = PBXFileReference; lastKnownFileType = sourcecode.c.h; path = XZBaseNetworkManager.h; sourceTree = "<group>"; };
		D485DA5D211C3F97003C6538 /* XZBaseNetworkManager.m */ = {isa = PBXFileReference; lastKnownFileType = sourcecode.c.objc; path = XZBaseNetworkManager.m; sourceTree = "<group>"; };
		D485DA5F211C41A2003C6538 /* XZNetworkManager.h */ = {isa = PBXFileReference; lastKnownFileType = sourcecode.c.h; path = XZNetworkManager.h; sourceTree = "<group>"; };
		D485DA60211C41A2003C6538 /* XZNetworkManager.m */ = {isa = PBXFileReference; lastKnownFileType = sourcecode.c.objc; path = XZNetworkManager.m; sourceTree = "<group>"; };
		D485DA62211C422B003C6538 /* XZHttpDefine.h */ = {isa = PBXFileReference; lastKnownFileType = sourcecode.c.h; path = XZHttpDefine.h; sourceTree = "<group>"; };
/* End PBXFileReference section */

/* Begin PBXFrameworksBuildPhase section */
		D485DA12211C1BEF003C6538 /* Frameworks */ = {
			isa = PBXFrameworksBuildPhase;
			buildActionMask = 2147483647;
			files = (
				E6CF692D10ADFBED05DD8B97 /* Pods_XZTemplateForObjectiveC.framework in Frameworks */,
			);
			runOnlyForDeploymentPostprocessing = 0;
		};
/* End PBXFrameworksBuildPhase section */

/* Begin PBXGroup section */
		58A7889BE805A799AFF2B376 /* Frameworks */ = {
			isa = PBXGroup;
			children = (
				16E4CDCCD244B333BE08A31B /* Pods_XZTemplateForObjectiveC.framework */,
			);
			name = Frameworks;
			sourceTree = "<group>";
		};
		6157CDF66DB8980872D89FE2 /* Pods */ = {
			isa = PBXGroup;
			children = (
				027729571759FB13DA11D987 /* Pods-XZTemplateForObjectiveC.debug.xcconfig */,
				9CA8FAFDC2F91592002B7590 /* Pods-XZTemplateForObjectiveC.release.xcconfig */,
			);
			name = Pods;
			sourceTree = "<group>";
		};
		D485DA0C211C1BEF003C6538 = {
			isa = PBXGroup;
			children = (
				D485DA17211C1BEF003C6538 /* XZTemplateForObjectiveC */,
				D485DA16211C1BEF003C6538 /* Products */,
				6157CDF66DB8980872D89FE2 /* Pods */,
				58A7889BE805A799AFF2B376 /* Frameworks */,
			);
			sourceTree = "<group>";
		};
		D485DA16211C1BEF003C6538 /* Products */ = {
			isa = PBXGroup;
			children = (
				D485DA15211C1BEF003C6538 /* XZTemplateForObjectiveC.app */,
			);
			name = Products;
			sourceTree = "<group>";
		};
		D485DA17211C1BEF003C6538 /* XZTemplateForObjectiveC */ = {
			isa = PBXGroup;
			children = (
				D485DA2E211C3204003C6538 /* Classes */,
				D485DA18211C1BEF003C6538 /* AppDelegate.h */,
				D485DA19211C1BEF003C6538 /* AppDelegate.m */,
				D485DA21211C1BF1003C6538 /* Assets.xcassets */,
				D485DA26211C1BF1003C6538 /* Info.plist */,
				D485DA27211C1BF1003C6538 /* main.m */,
			);
			path = XZTemplateForObjectiveC;
			sourceTree = "<group>";
		};
		D485DA2E211C3204003C6538 /* Classes */ = {
			isa = PBXGroup;
			children = (
				D485DA33211C329F003C6538 /* Common */,
				D485DA32211C3282003C6538 /* ThirdPartyLibrary */,
				D485DA2F211C3219003C6538 /* Controllers */,
				D485DA31211C3219003C6538 /* Models */,
				D485DA30211C3219003C6538 /* Views */,
			);
			path = Classes;
			sourceTree = "<group>";
		};
		D485DA2F211C3219003C6538 /* Controllers */ = {
			isa = PBXGroup;
			children = (
				D485DA35211C32ED003C6538 /* HomeModule */,
				D485DA34211C32ED003C6538 /* LoginRegisterModule */,
			);
			path = Controllers;
			sourceTree = "<group>";
		};
		D485DA30211C3219003C6538 /* Views */ = {
			isa = PBXGroup;
			children = (
				D485DA39211C32FA003C6538 /* HomeModule */,
				D485DA38211C32FA003C6538 /* LoginRegisterModule */,
			);
			path = Views;
			sourceTree = "<group>";
		};
		D485DA31211C3219003C6538 /* Models */ = {
			isa = PBXGroup;
			children = (
				D485DA37211C32F4003C6538 /* HomeModule */,
				D485DA36211C32F4003C6538 /* LoginRegisterModule */,
			);
			path = Models;
			sourceTree = "<group>";
		};
		D485DA32211C3282003C6538 /* ThirdPartyLibrary */ = {
			isa = PBXGroup;
			children = (
			);
			path = ThirdPartyLibrary;
			sourceTree = "<group>";
		};
		D485DA33211C329F003C6538 /* Common */ = {
			isa = PBXGroup;
			children = (
				D485DA50211C3603003C6538 /* Utils */,
				D485DA3C211C34C3003C6538 /* Base */,
				D485DA3A211C34C3003C6538 /* Categorys */,
				D485DA3B211C34C3003C6538 /* Global */,
				D485DA3D211C34C3003C6538 /* UIKit */,
			);
			path = Common;
			sourceTree = "<group>";
		};
		D485DA34211C32ED003C6538 /* LoginRegisterModule */ = {
			isa = PBXGroup;
			children = (
			);
			path = LoginRegisterModule;
			sourceTree = "<group>";
		};
		D485DA35211C32ED003C6538 /* HomeModule */ = {
			isa = PBXGroup;
			children = (
			);
			path = HomeModule;
			sourceTree = "<group>";
		};
		D485DA36211C32F4003C6538 /* LoginRegisterModule */ = {
			isa = PBXGroup;
			children = (
			);
			path = LoginRegisterModule;
			sourceTree = "<group>";
		};
		D485DA37211C32F4003C6538 /* HomeModule */ = {
			isa = PBXGroup;
			children = (
			);
			path = HomeModule;
			sourceTree = "<group>";
		};
		D485DA38211C32FA003C6538 /* LoginRegisterModule */ = {
			isa = PBXGroup;
			children = (
			);
			path = LoginRegisterModule;
			sourceTree = "<group>";
		};
		D485DA39211C32FA003C6538 /* HomeModule */ = {
			isa = PBXGroup;
			children = (
			);
			path = HomeModule;
			sourceTree = "<group>";
		};
		D485DA3A211C34C3003C6538 /* Categorys */ = {
			isa = PBXGroup;
			children = (
				D485DA55211C3A29003C6538 /* UIViewController+XZTopmostViewController.h */,
				D485DA56211C3A29003C6538 /* UIViewController+XZTopmostViewController.m */,
				D485DA58211C3A4C003C6538 /* NSObject+XZJSON.h */,
				D485DA59211C3A4C003C6538 /* NSObject+XZJSON.m */,
			);
			path = Categorys;
			sourceTree = "<group>";
		};
		D485DA3B211C34C3003C6538 /* Global */ = {
			isa = PBXGroup;
			children = (
				D485DA51211C3676003C6538 /* XZUserManager.h */,
				D485DA52211C3676003C6538 /* XZUserManager.m */,
				D485DA54211C3885003C6538 /* XZCommonDefine.h */,
			);
			path = Global;
			sourceTree = "<group>";
		};
		D485DA3C211C34C3003C6538 /* Base */ = {
			isa = PBXGroup;
			children = (
				D485DA3E211C34E5003C6538 /* XZBaseObject.h */,
				D485DA3F211C34E5003C6538 /* XZBaseObject.m */,
				D485DA4A211C35B3003C6538 /* XZBaseView.h */,
				D485DA4B211C35B3003C6538 /* XZBaseView.m */,
				D485DA44211C3545003C6538 /* XZBaseNavigationController.h */,
				D485DA45211C3545003C6538 /* XZBaseNavigationController.m */,
				D485DA47211C3589003C6538 /* XZBaseTabBarController.h */,
				D485DA48211C3589003C6538 /* XZBaseTabBarController.m */,
				D485DA41211C3528003C6538 /* XZBaseViewController.h */,
				D485DA42211C3528003C6538 /* XZBaseViewController.m */,
				D485DA4D211C35C9003C6538 /* XZBaseTableViewController.h */,
				D485DA4E211C35C9003C6538 /* XZBaseTableViewController.m */,
			);
			path = Base;
			sourceTree = "<group>";
		};
		D485DA3D211C34C3003C6538 /* UIKit */ = {
			isa = PBXGroup;
			children = (
			);
			path = UIKit;
			sourceTree = "<group>";
		};
		D485DA50211C3603003C6538 /* Utils */ = {
			isa = PBXGroup;
			children = (
				D485DA5B211C3F7E003C6538 /* XZHttpRequest */,
			);
			path = Utils;
			sourceTree = "<group>";
		};
		D485DA5B211C3F7E003C6538 /* XZHttpRequest */ = {
			isa = PBXGroup;
			children = (
				D485DA5C211C3F97003C6538 /* XZBaseNetworkManager.h */,
				D485DA5D211C3F97003C6538 /* XZBaseNetworkManager.m */,
				D485DA5F211C41A2003C6538 /* XZNetworkManager.h */,
				D485DA60211C41A2003C6538 /* XZNetworkManager.m */,
				D485DA62211C422B003C6538 /* XZHttpDefine.h */,
			);
			path = XZHttpRequest;
			sourceTree = "<group>";
		};
/* End PBXGroup section */

/* Begin PBXNativeTarget section */
		D485DA14211C1BEF003C6538 /* XZTemplateForObjectiveC */ = {
			isa = PBXNativeTarget;
			buildConfigurationList = D485DA2B211C1BF1003C6538 /* Build configuration list for PBXNativeTarget "XZTemplateForObjectiveC" */;
			buildPhases = (
				B833AFD87FF51E045FD751A5 /* [CP] Check Pods Manifest.lock */,
				D485DA11211C1BEF003C6538 /* Sources */,
				D485DA12211C1BEF003C6538 /* Frameworks */,
				D485DA13211C1BEF003C6538 /* Resources */,
				2863117F57E176F0A15665A5 /* [CP] Embed Pods Frameworks */,
			);
			buildRules = (
			);
			dependencies = (
			);
			name = XZTemplateForObjectiveC;
			productName = XZTemplateForObjectiveC;
			productReference = D485DA15211C1BEF003C6538 /* XZTemplateForObjectiveC.app */;
			productType = "com.apple.product-type.application";
		};
/* End PBXNativeTarget section */

/* Begin PBXProject section */
		D485DA0D211C1BEF003C6538 /* Project object */ = {
			isa = PBXProject;
			attributes = {
				CLASSPREFIX = XZ;
				LastUpgradeCheck = 0940;
				ORGANIZATIONNAME = XiongZi;
				TargetAttributes = {
					D485DA14211C1BEF003C6538 = {
						CreatedOnToolsVersion = 9.4.1;
					};
				};
			};
			buildConfigurationList = D485DA10211C1BEF003C6538 /* Build configuration list for PBXProject "XZTemplateForObjectiveC" */;
			compatibilityVersion = "Xcode 9.3";
			developmentRegion = en;
			hasScannedForEncodings = 0;
			knownRegions = (
				en,
				Base,
			);
			mainGroup = D485DA0C211C1BEF003C6538;
			productRefGroup = D485DA16211C1BEF003C6538 /* Products */;
			projectDirPath = "";
			projectRoot = "";
			targets = (
				D485DA14211C1BEF003C6538 /* XZTemplateForObjectiveC */,
			);
		};
/* End PBXProject section */

/* Begin PBXResourcesBuildPhase section */
		D485DA13211C1BEF003C6538 /* Resources */ = {
			isa = PBXResourcesBuildPhase;
			buildActionMask = 2147483647;
			files = (
				D485DA22211C1BF1003C6538 /* Assets.xcassets in Resources */,
			);
			runOnlyForDeploymentPostprocessing = 0;
		};
/* End PBXResourcesBuildPhase section */

/* Begin PBXShellScriptBuildPhase section */
		2863117F57E176F0A15665A5 /* [CP] Embed Pods Frameworks */ = {
			isa = PBXShellScriptBuildPhase;
			buildActionMask = 2147483647;
			files = (
			);
			inputPaths = (
				"${SRCROOT}/Pods/Target Support Files/Pods-XZTemplateForObjectiveC/Pods-XZTemplateForObjectiveC-frameworks.sh",
				"${BUILT_PRODUCTS_DIR}/AFNetworking/AFNetworking.framework",
				"${BUILT_PRODUCTS_DIR}/MBProgressHUD/MBProgressHUD.framework",
				"${BUILT_PRODUCTS_DIR}/Masonry/Masonry.framework",
			);
			name = "[CP] Embed Pods Frameworks";
			outputPaths = (
				"${TARGET_BUILD_DIR}/${FRAMEWORKS_FOLDER_PATH}/AFNetworking.framework",
				"${TARGET_BUILD_DIR}/${FRAMEWORKS_FOLDER_PATH}/MBProgressHUD.framework",
				"${TARGET_BUILD_DIR}/${FRAMEWORKS_FOLDER_PATH}/Masonry.framework",
			);
			runOnlyForDeploymentPostprocessing = 0;
			shellPath = /bin/sh;
			shellScript = "\"${SRCROOT}/Pods/Target Support Files/Pods-XZTemplateForObjectiveC/Pods-XZTemplateForObjectiveC-frameworks.sh\"\n";
			showEnvVarsInLog = 0;
		};
		B833AFD87FF51E045FD751A5 /* [CP] Check Pods Manifest.lock */ = {
			isa = PBXShellScriptBuildPhase;
			buildActionMask = 2147483647;
			files = (
			);
			inputPaths = (
				"${PODS_PODFILE_DIR_PATH}/Podfile.lock",
				"${PODS_ROOT}/Manifest.lock",
			);
			name = "[CP] Check Pods Manifest.lock";
			outputPaths = (
				"$(DERIVED_FILE_DIR)/Pods-XZTemplateForObjectiveC-checkManifestLockResult.txt",
			);
			runOnlyForDeploymentPostprocessing = 0;
			shellPath = /bin/sh;
			shellScript = "diff \"${PODS_PODFILE_DIR_PATH}/Podfile.lock\" \"${PODS_ROOT}/Manifest.lock\" > /dev/null\nif [ $? != 0 ] ; then\n    # print error to STDERR\n    echo \"error: The sandbox is not in sync with the Podfile.lock. Run 'pod install' or update your CocoaPods installation.\" >&2\n    exit 1\nfi\n# This output is used by Xcode 'outputs' to avoid re-running this script phase.\necho \"SUCCESS\" > \"${SCRIPT_OUTPUT_FILE_0}\"\n";
			showEnvVarsInLog = 0;
		};
/* End PBXShellScriptBuildPhase section */

/* Begin PBXSourcesBuildPhase section */
		D485DA11211C1BEF003C6538 /* Sources */ = {
			isa = PBXSourcesBuildPhase;
			buildActionMask = 2147483647;
			files = (
				D485DA28211C1BF1003C6538 /* main.m in Sources */,
				D485DA46211C3545003C6538 /* XZBaseNavigationController.m in Sources */,
				D485DA53211C3676003C6538 /* XZUserManager.m in Sources */,
				D485DA4F211C35C9003C6538 /* XZBaseTableViewController.m in Sources */,
				D485DA49211C3589003C6538 /* XZBaseTabBarController.m in Sources */,
				D485DA43211C3528003C6538 /* XZBaseViewController.m in Sources */,
				D485DA40211C34E5003C6538 /* XZBaseObject.m in Sources */,
				D485DA61211C41A2003C6538 /* XZNetworkManager.m in Sources */,
				D485DA1A211C1BEF003C6538 /* AppDelegate.m in Sources */,
				D485DA57211C3A29003C6538 /* UIViewController+XZTopmostViewController.m in Sources */,
				D485DA5A211C3A4C003C6538 /* NSObject+XZJSON.m in Sources */,
				D485DA4C211C35B3003C6538 /* XZBaseView.m in Sources */,
				D485DA5E211C3F97003C6538 /* XZBaseNetworkManager.m in Sources */,
			);
			runOnlyForDeploymentPostprocessing = 0;
		};
/* End PBXSourcesBuildPhase section */

/* Begin XCBuildConfiguration section */
		D485DA29211C1BF1003C6538 /* Debug */ = {
			isa = XCBuildConfiguration;
			buildSettings = {
				ALWAYS_SEARCH_USER_PATHS = NO;
				CLANG_ANALYZER_NONNULL = YES;
				CLANG_ANALYZER_NUMBER_OBJECT_CONVERSION = YES_AGGRESSIVE;
				CLANG_CXX_LANGUAGE_STANDARD = "gnu++14";
				CLANG_CXX_LIBRARY = "libc++";
				CLANG_ENABLE_MODULES = YES;
				CLANG_ENABLE_OBJC_ARC = YES;
				CLANG_ENABLE_OBJC_WEAK = YES;
				CLANG_WARN_BLOCK_CAPTURE_AUTORELEASING = YES;
				CLANG_WARN_BOOL_CONVERSION = YES;
				CLANG_WARN_COMMA = YES;
				CLANG_WARN_CONSTANT_CONVERSION = YES;
				CLANG_WARN_DEPRECATED_OBJC_IMPLEMENTATIONS = YES;
				CLANG_WARN_DIRECT_OBJC_ISA_USAGE = YES_ERROR;
				CLANG_WARN_DOCUMENTATION_COMMENTS = YES;
				CLANG_WARN_EMPTY_BODY = YES;
				CLANG_WARN_ENUM_CONVERSION = YES;
				CLANG_WARN_INFINITE_RECURSION = YES;
				CLANG_WARN_INT_CONVERSION = YES;
				CLANG_WARN_NON_LITERAL_NULL_CONVERSION = YES;
				CLANG_WARN_OBJC_IMPLICIT_RETAIN_SELF = YES;
				CLANG_WARN_OBJC_LITERAL_CONVERSION = YES;
				CLANG_WARN_OBJC_ROOT_CLASS = YES_ERROR;
				CLANG_WARN_RANGE_LOOP_ANALYSIS = YES;
				CLANG_WARN_STRICT_PROTOTYPES = YES;
				CLANG_WARN_SUSPICIOUS_MOVE = YES;
				CLANG_WARN_UNGUARDED_AVAILABILITY = YES_AGGRESSIVE;
				CLANG_WARN_UNREACHABLE_CODE = YES;
				CLANG_WARN__DUPLICATE_METHOD_MATCH = YES;
				CODE_SIGN_IDENTITY = "iPhone Developer";
				COPY_PHASE_STRIP = NO;
				DEBUG_INFORMATION_FORMAT = dwarf;
				ENABLE_STRICT_OBJC_MSGSEND = YES;
				ENABLE_TESTABILITY = YES;
				GCC_C_LANGUAGE_STANDARD = gnu11;
				GCC_DYNAMIC_NO_PIC = NO;
				GCC_NO_COMMON_BLOCKS = YES;
				GCC_OPTIMIZATION_LEVEL = 0;
				GCC_PREPROCESSOR_DEFINITIONS = (
					"DEBUG=1",
					"$(inherited)",
				);
				GCC_WARN_64_TO_32_BIT_CONVERSION = YES;
				GCC_WARN_ABOUT_RETURN_TYPE = YES_ERROR;
				GCC_WARN_UNDECLARED_SELECTOR = YES;
				GCC_WARN_UNINITIALIZED_AUTOS = YES_AGGRESSIVE;
				GCC_WARN_UNUSED_FUNCTION = YES;
				GCC_WARN_UNUSED_VARIABLE = YES;
				IPHONEOS_DEPLOYMENT_TARGET = 11.4;
				MTL_ENABLE_DEBUG_INFO = YES;
				ONLY_ACTIVE_ARCH = YES;
				SDKROOT = iphoneos;
			};
			name = Debug;
		};
		D485DA2A211C1BF1003C6538 /* Release */ = {
			isa = XCBuildConfiguration;
			buildSettings = {
				ALWAYS_SEARCH_USER_PATHS = NO;
				CLANG_ANALYZER_NONNULL = YES;
				CLANG_ANALYZER_NUMBER_OBJECT_CONVERSION = YES_AGGRESSIVE;
				CLANG_CXX_LANGUAGE_STANDARD = "gnu++14";
				CLANG_CXX_LIBRARY = "libc++";
				CLANG_ENABLE_MODULES = YES;
				CLANG_ENABLE_OBJC_ARC = YES;
				CLANG_ENABLE_OBJC_WEAK = YES;
				CLANG_WARN_BLOCK_CAPTURE_AUTORELEASING = YES;
				CLANG_WARN_BOOL_CONVERSION = YES;
				CLANG_WARN_COMMA = YES;
				CLANG_WARN_CONSTANT_CONVERSION = YES;
				CLANG_WARN_DEPRECATED_OBJC_IMPLEMENTATIONS = YES;
				CLANG_WARN_DIRECT_OBJC_ISA_USAGE = YES_ERROR;
				CLANG_WARN_DOCUMENTATION_COMMENTS = YES;
				CLANG_WARN_EMPTY_BODY = YES;
				CLANG_WARN_ENUM_CONVERSION = YES;
				CLANG_WARN_INFINITE_RECURSION = YES;
				CLANG_WARN_INT_CONVERSION = YES;
				CLANG_WARN_NON_LITERAL_NULL_CONVERSION = YES;
				CLANG_WARN_OBJC_IMPLICIT_RETAIN_SELF = YES;
				CLANG_WARN_OBJC_LITERAL_CONVERSION = YES;
				CLANG_WARN_OBJC_ROOT_CLASS = YES_ERROR;
				CLANG_WARN_RANGE_LOOP_ANALYSIS = YES;
				CLANG_WARN_STRICT_PROTOTYPES = YES;
				CLANG_WARN_SUSPICIOUS_MOVE = YES;
				CLANG_WARN_UNGUARDED_AVAILABILITY = YES_AGGRESSIVE;
				CLANG_WARN_UNREACHABLE_CODE = YES;
				CLANG_WARN__DUPLICATE_METHOD_MATCH = YES;
				CODE_SIGN_IDENTITY = "iPhone Developer";
				COPY_PHASE_STRIP = NO;
				DEBUG_INFORMATION_FORMAT = "dwarf-with-dsym";
				ENABLE_NS_ASSERTIONS = NO;
				ENABLE_STRICT_OBJC_MSGSEND = YES;
				GCC_C_LANGUAGE_STANDARD = gnu11;
				GCC_NO_COMMON_BLOCKS = YES;
				GCC_WARN_64_TO_32_BIT_CONVERSION = YES;
				GCC_WARN_ABOUT_RETURN_TYPE = YES_ERROR;
				GCC_WARN_UNDECLARED_SELECTOR = YES;
				GCC_WARN_UNINITIALIZED_AUTOS = YES_AGGRESSIVE;
				GCC_WARN_UNUSED_FUNCTION = YES;
				GCC_WARN_UNUSED_VARIABLE = YES;
				IPHONEOS_DEPLOYMENT_TARGET = 11.4;
				MTL_ENABLE_DEBUG_INFO = NO;
				SDKROOT = iphoneos;
				VALIDATE_PRODUCT = YES;
			};
			name = Release;
		};
		D485DA2C211C1BF1003C6538 /* Debug */ = {
			isa = XCBuildConfiguration;
			baseConfigurationReference = 027729571759FB13DA11D987 /* Pods-XZTemplateForObjectiveC.debug.xcconfig */;
			buildSettings = {
				ASSETCATALOG_COMPILER_APPICON_NAME = AppIcon;
				CODE_SIGN_IDENTITY = "iPhone Developer";
				CODE_SIGN_STYLE = Automatic;
				DEVELOPMENT_TEAM = AU63ATJ5W5;
				INFOPLIST_FILE = XZTemplateForObjectiveC/Info.plist;
				LD_RUNPATH_SEARCH_PATHS = (
					"$(inherited)",
					"@executable_path/Frameworks",
				);
				PRODUCT_BUNDLE_IDENTIFIER = com.xz.tfoc;
				PRODUCT_NAME = "$(TARGET_NAME)";
				PROVISIONING_PROFILE_SPECIFIER = "";
				TARGETED_DEVICE_FAMILY = 1;
			};
			name = Debug;
		};
		D485DA2D211C1BF1003C6538 /* Release */ = {
			isa = XCBuildConfiguration;
			baseConfigurationReference = 9CA8FAFDC2F91592002B7590 /* Pods-XZTemplateForObjectiveC.release.xcconfig */;
			buildSettings = {
				ASSETCATALOG_COMPILER_APPICON_NAME = AppIcon;
				CODE_SIGN_IDENTITY = "iPhone Developer";
				CODE_SIGN_STYLE = Automatic;
				DEVELOPMENT_TEAM = AU63ATJ5W5;
				INFOPLIST_FILE = XZTemplateForObjectiveC/Info.plist;
				LD_RUNPATH_SEARCH_PATHS = (
					"$(inherited)",
					"@executable_path/Frameworks",
				);
				PRODUCT_BUNDLE_IDENTIFIER = com.xz.tfoc;
				PRODUCT_NAME = "$(TARGET_NAME)";
				PROVISIONING_PROFILE_SPECIFIER = "";
				TARGETED_DEVICE_FAMILY = 1;
			};
			name = Release;
		};
/* End XCBuildConfiguration section */

/* Begin XCConfigurationList section */
		D485DA10211C1BEF003C6538 /* Build configuration list for PBXProject "XZTemplateForObjectiveC" */ = {
			isa = XCConfigurationList;
			buildConfigurations = (
				D485DA29211C1BF1003C6538 /* Debug */,
				D485DA2A211C1BF1003C6538 /* Release */,
			);
			defaultConfigurationIsVisible = 0;
			defaultConfigurationName = Release;
		};
		D485DA2B211C1BF1003C6538 /* Build configuration list for PBXNativeTarget "XZTemplateForObjectiveC" */ = {
			isa = XCConfigurationList;
			buildConfigurations = (
				D485DA2C211C1BF1003C6538 /* Debug */,
				D485DA2D211C1BF1003C6538 /* Release */,
			);
			defaultConfigurationIsVisible = 0;
			defaultConfigurationName = Release;
		};
/* End XCConfigurationList section */
	};
	rootObject = D485DA0D211C1BEF003C6538 /* Project object */;
}
